
Microsoft Visual Studio Solution File, Format Version 12.00
# Visual Studio Version 17
VisualStudioVersion = 17.12.35707.178
MinimumVisualStudioVersion = 10.0.40219.1
Project("{FAE04EC0-301F-11D3-BF4B-00C04F79EFBC}") = "UnityST", "UnityST\UnityST.csproj", "{20EC788E-ED1F-4800-A352-478D7D86BF73}"
EndProject
Project("{FAE04EC0-301F-11D3-BF4B-00C04F79EFBC}") = "WOWSKILLEDITOR", "WOWSKILLEDITOR\WOWSKILLEDITOR.csproj", "{FA2697C7-12F7-4CF2-828D-F654C905F6EF}"
EndProject
Project("{FAE04EC0-301F-11D3-BF4B-00C04F79EFBC}") = "WOWMAPEDITOR", "WOWMAPEDITOR\WOWMAPEDITOR.csproj", "{BA4D9FC8-C77D-4473-9DED-639C7547B8F2}"
EndProject
Project("{2150E333-8FDC-42A3-9474-1A3956D46DE8}") = "솔루션 항목", "솔루션 항목", "{F1EE6053-3DDE-449C-BBEE-3EBAD52A08B0}"
	ProjectSection(SolutionItems) = preProject
		목차.txt = 목차.txt
	EndProjectSection
EndProject
Project("{2150E333-8FDC-42A3-9474-1A3956D46DE8}") = "STD", "STD", "{D775D28F-68A1-4DB1-B355-717EF62A9B76}"
EndProject
Project("{FAE04EC0-301F-11D3-BF4B-00C04F79EFBC}") = "00Using", "00Using\00Using.csproj", "{CACDB164-4446-4CDA-AC26-CC690FEF22B5}"
EndProject
Project("{FAE04EC0-301F-11D3-BF4B-00C04F79EFBC}") = "01Class", "01Class\01Class.csproj", "{631F0E23-39AE-4AEE-9721-C2D2647A2B31}"
EndProject
Project("{FAE04EC0-301F-11D3-BF4B-00C04F79EFBC}") = "02NameSpace", "02NameSpace\02NameSpace.csproj", "{881755B6-E0E9-4EF3-B96D-D2D4CE7648FE}"
EndProject
Project("{FAE04EC0-301F-11D3-BF4B-00C04F79EFBC}") = "03CodeStartAndReading", "03CodeStartAndReading\03CodeStartAndReading.csproj", "{C37B20DE-4EE0-4BE4-A573-B7688971F373}"
EndProject
Project("{FAE04EC0-301F-11D3-BF4B-00C04F79EFBC}") = "04MemberVar", "04MemberVar\04MemberVar.csproj", "{038B8E14-3916-499B-BE78-B05A816FF9BE}"
EndProject
Project("{FAE04EC0-301F-11D3-BF4B-00C04F79EFBC}") = "05MemberFunc", "05MemberFunc\05MemberFunc.csproj", "{76BE8763-72EA-41F6-B514-174B5A4BD869}"
EndProject
Global
	GlobalSection(SolutionConfigurationPlatforms) = preSolution
		Debug|Any CPU = Debug|Any CPU
		Release|Any CPU = Release|Any CPU
	EndGlobalSection
	GlobalSection(ProjectConfigurationPlatforms) = postSolution
		{20EC788E-ED1F-4800-A352-478D7D86BF73}.Debug|Any CPU.ActiveCfg = Debug|Any CPU
		{20EC788E-ED1F-4800-A352-478D7D86BF73}.Debug|Any CPU.Build.0 = Debug|Any CPU
		{20EC788E-ED1F-4800-A352-478D7D86BF73}.Release|Any CPU.ActiveCfg = Release|Any CPU
		{20EC788E-ED1F-4800-A352-478D7D86BF73}.Release|Any CPU.Build.0 = Release|Any CPU
		{FA2697C7-12F7-4CF2-828D-F654C905F6EF}.Debug|Any CPU.ActiveCfg = Debug|Any CPU
		{FA2697C7-12F7-4CF2-828D-F654C905F6EF}.Debug|Any CPU.Build.0 = Debug|Any CPU
		{FA2697C7-12F7-4CF2-828D-F654C905F6EF}.Release|Any CPU.ActiveCfg = Release|Any CPU
		{FA2697C7-12F7-4CF2-828D-F654C905F6EF}.Release|Any CPU.Build.0 = Release|Any CPU
		{BA4D9FC8-C77D-4473-9DED-639C7547B8F2}.Debug|Any CPU.ActiveCfg = Debug|Any CPU
		{BA4D9FC8-C77D-4473-9DED-639C7547B8F2}.Debug|Any CPU.Build.0 = Debug|Any CPU
		{BA4D9FC8-C77D-4473-9DED-639C7547B8F2}.Release|Any CPU.ActiveCfg = Release|Any CPU
		{BA4D9FC8-C77D-4473-9DED-639C7547B8F2}.Release|Any CPU.Build.0 = Release|Any CPU
		{CACDB164-4446-4CDA-AC26-CC690FEF22B5}.Debug|Any CPU.ActiveCfg = Debug|Any CPU
		{CACDB164-4446-4CDA-AC26-CC690FEF22B5}.Debug|Any CPU.Build.0 = Debug|Any CPU
		{CACDB164-4446-4CDA-AC26-CC690FEF22B5}.Release|Any CPU.ActiveCfg = Release|Any CPU
		{CACDB164-4446-4CDA-AC26-CC690FEF22B5}.Release|Any CPU.Build.0 = Release|Any CPU
		{631F0E23-39AE-4AEE-9721-C2D2647A2B31}.Debug|Any CPU.ActiveCfg = Debug|Any CPU
		{631F0E23-39AE-4AEE-9721-C2D2647A2B31}.Debug|Any CPU.Build.0 = Debug|Any CPU
		{631F0E23-39AE-4AEE-9721-C2D2647A2B31}.Release|Any CPU.ActiveCfg = Release|Any CPU
		{631F0E23-39AE-4AEE-9721-C2D2647A2B31}.Release|Any CPU.Build.0 = Release|Any CPU
		{881755B6-E0E9-4EF3-B96D-D2D4CE7648FE}.Debug|Any CPU.ActiveCfg = Debug|Any CPU
		{881755B6-E0E9-4EF3-B96D-D2D4CE7648FE}.Debug|Any CPU.Build.0 = Debug|Any CPU
		{881755B6-E0E9-4EF3-B96D-D2D4CE7648FE}.Release|Any CPU.ActiveCfg = Release|Any CPU
		{881755B6-E0E9-4EF3-B96D-D2D4CE7648FE}.Release|Any CPU.Build.0 = Release|Any CPU
		{C37B20DE-4EE0-4BE4-A573-B7688971F373}.Debug|Any CPU.ActiveCfg = Debug|Any CPU
		{C37B20DE-4EE0-4BE4-A573-B7688971F373}.Debug|Any CPU.Build.0 = Debug|Any CPU
		{C37B20DE-4EE0-4BE4-A573-B7688971F373}.Release|Any CPU.ActiveCfg = Release|Any CPU
		{C37B20DE-4EE0-4BE4-A573-B7688971F373}.Release|Any CPU.Build.0 = Release|Any CPU
		{038B8E14-3916-499B-BE78-B05A816FF9BE}.Debug|Any CPU.ActiveCfg = Debug|Any CPU
		{038B8E14-3916-499B-BE78-B05A816FF9BE}.Debug|Any CPU.Build.0 = Debug|Any CPU
		{038B8E14-3916-499B-BE78-B05A816FF9BE}.Release|Any CPU.ActiveCfg = Release|Any CPU
		{038B8E14-3916-499B-BE78-B05A816FF9BE}.Release|Any CPU.Build.0 = Release|Any CPU
		{76BE8763-72EA-41F6-B514-174B5A4BD869}.Debug|Any CPU.ActiveCfg = Debug|Any CPU
		{76BE8763-72EA-41F6-B514-174B5A4BD869}.Debug|Any CPU.Build.0 = Debug|Any CPU
		{76BE8763-72EA-41F6-B514-174B5A4BD869}.Release|Any CPU.ActiveCfg = Release|Any CPU
		{76BE8763-72EA-41F6-B514-174B5A4BD869}.Release|Any CPU.Build.0 = Release|Any CPU
	EndGlobalSection
	GlobalSection(SolutionProperties) = preSolution
		HideSolutionNode = FALSE
	EndGlobalSection
	GlobalSection(NestedProjects) = preSolution
		{20EC788E-ED1F-4800-A352-478D7D86BF73} = {D775D28F-68A1-4DB1-B355-717EF62A9B76}
		{FA2697C7-12F7-4CF2-828D-F654C905F6EF} = {D775D28F-68A1-4DB1-B355-717EF62A9B76}
		{BA4D9FC8-C77D-4473-9DED-639C7547B8F2} = {D775D28F-68A1-4DB1-B355-717EF62A9B76}
	EndGlobalSection
EndGlobal
